
Microsoft Visual Studio Solution File, Format Version 12.00
# Visual Studio 2012
Project("{FAE04EC0-301F-11D3-BF4B-00C04F79EFBC}") = "UnityVS.Projects.CSharp.Plugins", "UnityVS.Projects.CSharp.Plugins.csproj", "{70CBD939-9B82-B371-D520-B39AB1F3594E}"
EndProject
Project("{1FAC5C55-277D-4884-94A4-83DBDAF57E56}") = "UnityVS.Projects.UnityScript", "UnityVS.Projects.UnityScript.unityproj", "{A8F31C74-9AF4-3FC0-71A5-7FDAE332F40F}"
EndProject
Project("{FAE04EC0-301F-11D3-BF4B-00C04F79EFBC}") = "UnityVS.Projects.CSharp", "UnityVS.Projects.CSharp.csproj", "{D8B3E650-1B4E-4E81-98AC-E8D320C3B79F}"
EndProject
Global
	GlobalSection(SolutionConfigurationPlatforms) = preSolution
		Debug|Any CPU = Debug|Any CPU
		Release|Any CPU = Release|Any CPU
	EndGlobalSection
	GlobalSection(ProjectConfigurationPlatforms) = postSolution
		{70CBD939-9B82-B371-D520-B39AB1F3594E}.Debug|Any CPU.ActiveCfg = Debug|Any CPU
		{70CBD939-9B82-B371-D520-B39AB1F3594E}.Debug|Any CPU.Build.0 = Debug|Any CPU
		{70CBD939-9B82-B371-D520-B39AB1F3594E}.Release|Any CPU.ActiveCfg = Release|Any CPU
		{70CBD939-9B82-B371-D520-B39AB1F3594E}.Release|Any CPU.Build.0 = Release|Any CPU
		{A8F31C74-9AF4-3FC0-71A5-7FDAE332F40F}.Debug|Any CPU.ActiveCfg = Debug|Any CPU
		{A8F31C74-9AF4-3FC0-71A5-7FDAE332F40F}.Debug|Any CPU.Build.0 = Debug|Any CPU
		{A8F31C74-9AF4-3FC0-71A5-7FDAE332F40F}.Release|Any CPU.ActiveCfg = Release|Any CPU
		{A8F31C74-9AF4-3FC0-71A5-7FDAE332F40F}.Release|Any CPU.Build.0 = Release|Any CPU
		{D8B3E650-1B4E-4E81-98AC-E8D320C3B79F}.Debug|Any CPU.ActiveCfg = Debug|Any CPU
		{D8B3E650-1B4E-4E81-98AC-E8D320C3B79F}.Debug|Any CPU.Build.0 = Debug|Any CPU
		{D8B3E650-1B4E-4E81-98AC-E8D320C3B79F}.Release|Any CPU.ActiveCfg = Release|Any CPU
		{D8B3E650-1B4E-4E81-98AC-E8D320C3B79F}.Release|Any CPU.Build.0 = Release|Any CPU
	EndGlobalSection
	GlobalSection(SolutionProperties) = preSolution
		HideSolutionNode = FALSE
	EndGlobalSection
EndGlobal
